
Microsoft Visual Studio Solution File, Format Version 12.00
# Visual Studio Version 17
VisualStudioVersion = 17.5.002.0
MinimumVisualStudioVersion = 10.0.40219.1
Project("{9A19103F-16F7-4668-BE54-9A1E7A4F7556}") = "FinanceApp", "FinanceApp.csproj", "{24FE18D2-8656-4959-AA5B-74D5F20D370D}"
EndProject
Global
	GlobalSection(SolutionConfigurationPlatforms) = preSolution
		Debug|Any CPU = Debug|Any CPU
		Release|Any CPU = Release|Any CPU
	EndGlobalSection
	GlobalSection(ProjectConfigurationPlatforms) = postSolution
		{24FE18D2-8656-4959-AA5B-74D5F20D370D}.Debug|Any CPU.ActiveCfg = Debug|Any CPU
		{24FE18D2-8656-4959-AA5B-74D5F20D370D}.Debug|Any CPU.Build.0 = Debug|Any CPU
		{24FE18D2-8656-4959-AA5B-74D5F20D370D}.Release|Any CPU.ActiveCfg = Release|Any CPU
		{24FE18D2-8656-4959-AA5B-74D5F20D370D}.Release|Any CPU.Build.0 = Release|Any CPU
	EndGlobalSection
	GlobalSection(SolutionProperties) = preSolution
		HideSolutionNode = FALSE
	EndGlobalSection
	GlobalSection(ExtensibilityGlobals) = postSolution
		SolutionGuid = {F68A630A-0509-4E90-B127-843CFD159F9A}
	EndGlobalSection
EndGlobal
